// !$*UTF8*$!
{
	archiveVersion = 1;
	classes = {
	};
	objectVersion = 46;
	objects = {

/* Begin PBXBuildFile section */
		E50B27E919D0547F00B2C3B2 /* main.m in Sources */ = {isa = PBXBuildFile; fileRef = E50B27E819D0547F00B2C3B2 /* main.m */; };
		E50B27EC19D0547F00B2C3B2 /* AppDelegate.m in Sources */ = {isa = PBXBuildFile; fileRef = E50B27EB19D0547F00B2C3B2 /* AppDelegate.m */; };
		E50B27EF19D0547F00B2C3B2 /* ViewController.m in Sources */ = {isa = PBXBuildFile; fileRef = E50B27EE19D0547F00B2C3B2 /* ViewController.m */; };
		E50B27F219D0547F00B2C3B2 /* Main.storyboard in Resources */ = {isa = PBXBuildFile; fileRef = E50B27F019D0547F00B2C3B2 /* Main.storyboard */; };
		E50B27F419D0547F00B2C3B2 /* Images.xcassets in Resources */ = {isa = PBXBuildFile; fileRef = E50B27F319D0547F00B2C3B2 /* Images.xcassets */; };
		E50B27F719D0547F00B2C3B2 /* LaunchScreen.xib in Resources */ = {isa = PBXBuildFile; fileRef = E50B27F519D0547F00B2C3B2 /* LaunchScreen.xib */; };
		E50B280319D0548000B2C3B2 /* UIAlertControllerDemoTests.m in Sources */ = {isa = PBXBuildFile; fileRef = E50B280219D0548000B2C3B2 /* UIAlertControllerDemoTests.m */; };
/* End PBXBuildFile section */

/* Begin PBXContainerItemProxy section */
		E50B27FD19D0548000B2C3B2 /* PBXContainerItemProxy */ = {
			isa = PBXContainerItemProxy;
			containerPortal = E50B27DB19D0547F00B2C3B2 /* Project object */;
			proxyType = 1;
			remoteGlobalIDString = E50B27E219D0547F00B2C3B2;
			remoteInfo = UIAlertControllerDemo;
		};
/* End PBXContainerItemProxy section */

/* Begin PBXFileReference section */
		E50B27E319D0547F00B2C3B2 /* UIAlertControllerDemo.app */ = {isa = PBXFileReference; explicitFileType = wrapper.application; includeInIndex = 0; path = UIAlertControllerDemo.app; sourceTree = BUILT_PRODUCTS_DIR; };
		E50B27E719D0547F00B2C3B2 /* Info.plist */ = {isa = PBXFileReference; lastKnownFileType = text.plist.xml; path = Info.plist; sourceTree = "<group>"; };
		E50B27E819D0547F00B2C3B2 /* main.m */ = {isa = PBXFileReference; lastKnownFileType = sourcecode.c.objc; path = main.m; sourceTree = "<group>"; };
		E50B27EA19D0547F00B2C3B2 /* AppDelegate.h */ = {isa = PBXFileReference; lastKnownFileType = sourcecode.c.h; path = AppDelegate.h; sourceTree = "<group>"; };
		E50B27EB19D0547F00B2C3B2 /* AppDelegate.m */ = {isa = PBXFileReference; lastKnownFileType = sourcecode.c.objc; path = AppDelegate.m; sourceTree = "<group>"; };
		E50B27ED19D0547F00B2C3B2 /* ViewController.h */ = {isa = PBXFileReference; lastKnownFileType = sourcecode.c.h; path = ViewController.h; sourceTree = "<group>"; };
		E50B27EE19D0547F00B2C3B2 /* ViewController.m */ = {isa = PBXFileReference; lastKnownFileType = sourcecode.c.objc; path = ViewController.m; sourceTree = "<group>"; };
		E50B27F119D0547F00B2C3B2 /* Base */ = {isa = PBXFileReference; lastKnownFileType = file.storyboard; name = Base; path = Base.lproj/Main.storyboard; sourceTree = "<group>"; };
		E50B27F319D0547F00B2C3B2 /* Images.xcassets */ = {isa = PBXFileReference; lastKnownFileType = folder.assetcatalog; path = Images.xcassets; sourceTree = "<group>"; };
		E50B27F619D0547F00B2C3B2 /* Base */ = {isa = PBXFileReference; lastKnownFileType = file.xib; name = Base; path = Base.lproj/LaunchScreen.xib; sourceTree = "<group>"; };
		E50B27FC19D0548000B2C3B2 /* UIAlertControllerDemoTests.xctest */ = {isa = PBXFileReference; explicitFileType = wrapper.cfbundle; includeInIndex = 0; path = UIAlertControllerDemoTests.xctest; sourceTree = BUILT_PRODUCTS_DIR; };
		E50B280119D0548000B2C3B2 /* Info.plist */ = {isa = PBXFileReference; lastKnownFileType = text.plist.xml; path = Info.plist; sourceTree = "<group>"; };
		E50B280219D0548000B2C3B2 /* UIAlertControllerDemoTests.m */ = {isa = PBXFileReference; lastKnownFileType = sourcecode.c.objc; path = UIAlertControllerDemoTests.m; sourceTree = "<group>"; };
/* End PBXFileReference section */

/* Begin PBXFrameworksBuildPhase section */
		E50B27E019D0547F00B2C3B2 /* Frameworks */ = {
			isa = PBXFrameworksBuildPhase;
			buildActionMask = 2147483647;
			files = (
			);
			runOnlyForDeploymentPostprocessing = 0;
		};
		E50B27F919D0548000B2C3B2 /* Frameworks */ = {
			isa = PBXFrameworksBuildPhase;
			buildActionMask = 2147483647;
			files = (
			);
			runOnlyForDeploymentPostprocessing = 0;
		};
/* End PBXFrameworksBuildPhase section */

/* Begin PBXGroup section */
		E50B27DA19D0547F00B2C3B2 = {
			isa = PBXGroup;
			children = (
				E50B27E519D0547F00B2C3B2 /* UIAlertControllerDemo */,
				E50B27FF19D0548000B2C3B2 /* UIAlertControllerDemoTests */,
				E50B27E419D0547F00B2C3B2 /* Products */,
			);
			sourceTree = "<group>";
		};
		E50B27E419D0547F00B2C3B2 /* Products */ = {
			isa = PBXGroup;
			children = (
				E50B27E319D0547F00B2C3B2 /* UIAlertControllerDemo.app */,
				E50B27FC19D0548000B2C3B2 /* UIAlertControllerDemoTests.xctest */,
			);
			name = Products;
			sourceTree = "<group>";
		};
		E50B27E519D0547F00B2C3B2 /* UIAlertControllerDemo */ = {
			isa = PBXGroup;
			children = (
				E50B27EA19D0547F00B2C3B2 /* AppDelegate.h */,
				E50B27EB19D0547F00B2C3B2 /* AppDelegate.m */,
				E50B27ED19D0547F00B2C3B2 /* ViewController.h */,
				E50B27EE19D0547F00B2C3B2 /* ViewController.m */,
				E50B27F019D0547F00B2C3B2 /* Main.storyboard */,
				E50B27F319D0547F00B2C3B2 /* Images.xcassets */,
				E50B27F519D0547F00B2C3B2 /* LaunchScreen.xib */,
				E50B27E619D0547F00B2C3B2 /* Supporting Files */,
			);
			path = UIAlertControllerDemo;
			sourceTree = "<group>";
		};
		E50B27E619D0547F00B2C3B2 /* Supporting Files */ = {
			isa = PBXGroup;
			children = (
				E50B27E719D0547F00B2C3B2 /* Info.plist */,
				E50B27E819D0547F00B2C3B2 /* main.m */,
			);
			name = "Supporting Files";
			sourceTree = "<group>";
		};
		E50B27FF19D0548000B2C3B2 /* UIAlertControllerDemoTests */ = {
			isa = PBXGroup;
			children = (
				E50B280219D0548000B2C3B2 /* UIAlertControllerDemoTests.m */,
				E50B280019D0548000B2C3B2 /* Supporting Files */,
			);
			path = UIAlertControllerDemoTests;
			sourceTree = "<group>";
		};
		E50B280019D0548000B2C3B2 /* Supporting Files */ = {
			isa = PBXGroup;
			children = (
				E50B280119D0548000B2C3B2 /* Info.plist */,
			);
			name = "Supporting Files";
			sourceTree = "<group>";
		};
/* End PBXGroup section */

/* Begin PBXNativeTarget section */
		E50B27E219D0547F00B2C3B2 /* UIAlertControllerDemo */ = {
			isa = PBXNativeTarget;
			buildConfigurationList = E50B280619D0548000B2C3B2 /* Build configuration list for PBXNativeTarget "UIAlertControllerDemo" */;
			buildPhases = (
				E50B27DF19D0547F00B2C3B2 /* Sources */,
				E50B27E019D0547F00B2C3B2 /* Frameworks */,
				E50B27E119D0547F00B2C3B2 /* Resources */,
			);
			buildRules = (
			);
			dependencies = (
			);
			name = UIAlertControllerDemo;
			productName = UIAlertControllerDemo;
			productReference = E50B27E319D0547F00B2C3B2 /* UIAlertControllerDemo.app */;
			productType = "com.apple.product-type.application";
		};
		E50B27FB19D0548000B2C3B2 /* UIAlertControllerDemoTests */ = {
			isa = PBXNativeTarget;
			buildConfigurationList = E50B280919D0548000B2C3B2 /* Build configuration list for PBXNativeTarget "UIAlertControllerDemoTests" */;
			buildPhases = (
				E50B27F819D0548000B2C3B2 /* Sources */,
				E50B27F919D0548000B2C3B2 /* Frameworks */,
				E50B27FA19D0548000B2C3B2 /* Resources */,
			);
			buildRules = (
			);
			dependencies = (
				E50B27FE19D0548000B2C3B2 /* PBXTargetDependency */,
			);
			name = UIAlertControllerDemoTests;
			productName = UIAlertControllerDemoTests;
			productReference = E50B27FC19D0548000B2C3B2 /* UIAlertControllerDemoTests.xctest */;
			productType = "com.apple.product-type.bundle.unit-test";
		};
/* End PBXNativeTarget section */

/* Begin PBXProject section */
		E50B27DB19D0547F00B2C3B2 /* Project object */ = {
			isa = PBXProject;
			attributes = {
				LastUpgradeCheck = 0600;
				ORGANIZATIONNAME = Usman;
				TargetAttributes = {
					E50B27E219D0547F00B2C3B2 = {
						CreatedOnToolsVersion = 6.0;
					};
					E50B27FB19D0548000B2C3B2 = {
						CreatedOnToolsVersion = 6.0;
						TestTargetID = E50B27E219D0547F00B2C3B2;
					};
				};
			};
			buildConfigurationList = E50B27DE19D0547F00B2C3B2 /* Build configuration list for PBXProject "UIAlertControllerDemo" */;
			compatibilityVersion = "Xcode 3.2";
			developmentRegion = English;
			hasScannedForEncodings = 0;
			knownRegions = (
				en,
				Base,
			);
			mainGroup = E50B27DA19D0547F00B2C3B2;
			productRefGroup = E50B27E419D0547F00B2C3B2 /* Products */;
			projectDirPath = "";
			projectRoot = "";
			targets = (
				E50B27E219D0547F00B2C3B2 /* UIAlertControllerDemo */,
				E50B27FB19D0548000B2C3B2 /* UIAlertControllerDemoTests */,
			);
		};
/* End PBXProject section */

/* Begin PBXResourcesBuildPhase section */
		E50B27E119D0547F00B2C3B2 /* Resources */ = {
			isa = PBXResourcesBuildPhase;
			buildActionMask = 2147483647;
			files = (
				E50B27F219D0547F00B2C3B2 /* Main.storyboard in Resources */,
				E50B27F719D0547F00B2C3B2 /* LaunchScreen.xib in Resources */,
				E50B27F419D0547F00B2C3B2 /* Images.xcassets in Resources */,
			);
			runOnlyForDeploymentPostprocessing = 0;
		};
		E50B27FA19D0548000B2C3B2 /* Resources */ = {
			isa = PBXResourcesBuildPhase;
			buildActionMask = 2147483647;
			files = (
			);
			runOnlyForDeploymentPostprocessing = 0;
		};
/* End PBXResourcesBuildPhase section */

/* Begin PBXSourcesBuildPhase section */
		E50B27DF19D0547F00B2C3B2 /* Sources */ = {
			isa = PBXSourcesBuildPhase;
			buildActionMask = 2147483647;
			files = (
				E50B27EF19D0547F00B2C3B2 /* ViewController.m in Sources */,
				E50B27EC19D0547F00B2C3B2 /* AppDelegate.m in Sources */,
				E50B27E919D0547F00B2C3B2 /* main.m in Sources */,
			);
			runOnlyForDeploymentPostprocessing = 0;
		};
		E50B27F819D0548000B2C3B2 /* Sources */ = {
			isa = PBXSourcesBuildPhase;
			buildActionMask = 2147483647;
			files = (
				E50B280319D0548000B2C3B2 /* UIAlertControllerDemoTests.m in Sources */,
			);
			runOnlyForDeploymentPostprocessing = 0;
		};
/* End PBXSourcesBuildPhase section */

/* Begin PBXTargetDependency section */
		E50B27FE19D0548000B2C3B2 /* PBXTargetDependency */ = {
			isa = PBXTargetDependency;
			target = E50B27E219D0547F00B2C3B2 /* UIAlertControllerDemo */;
			targetProxy = E50B27FD19D0548000B2C3B2 /* PBXContainerItemProxy */;
		};
/* End PBXTargetDependency section */

/* Begin PBXVariantGroup section */
		E50B27F019D0547F00B2C3B2 /* Main.storyboard */ = {
			isa = PBXVariantGroup;
			children = (
				E50B27F119D0547F00B2C3B2 /* Base */,
			);
			name = Main.storyboard;
			sourceTree = "<group>";
		};
		E50B27F519D0547F00B2C3B2 /* LaunchScreen.xib */ = {
			isa = PBXVariantGroup;
			children = (
				E50B27F619D0547F00B2C3B2 /* Base */,
			);
			name = LaunchScreen.xib;
			sourceTree = "<group>";
		};
/* End PBXVariantGroup section */

/* Begin XCBuildConfiguration section */
		E50B280419D0548000B2C3B2 /* Debug */ = {
			isa = XCBuildConfiguration;
			buildSettings = {
				ALWAYS_SEARCH_USER_PATHS = NO;
				CLANG_CXX_LANGUAGE_STANDARD = "gnu++0x";
				CLANG_CXX_LIBRARY = "libc++";
				CLANG_ENABLE_MODULES = YES;
				CLANG_ENABLE_OBJC_ARC = YES;
				CLANG_WARN_BOOL_CONVERSION = YES;
				CLANG_WARN_CONSTANT_CONVERSION = YES;
				CLANG_WARN_DIRECT_OBJC_ISA_USAGE = YES_ERROR;
				CLANG_WARN_EMPTY_BODY = YES;
				CLANG_WARN_ENUM_CONVERSION = YES;
				CLANG_WARN_INT_CONVERSION = YES;
				CLANG_WARN_OBJC_ROOT_CLASS = YES_ERROR;
				CLANG_WARN_UNREACHABLE_CODE = YES;
				CLANG_WARN__DUPLICATE_METHOD_MATCH = YES;
				"CODE_SIGN_IDENTITY[sdk=iphoneos*]" = "iPhone Developer";
				COPY_PHASE_STRIP = NO;
				ENABLE_STRICT_OBJC_MSGSEND = YES;
				GCC_C_LANGUAGE_STANDARD = gnu99;
				GCC_DYNAMIC_NO_PIC = NO;
				GCC_OPTIMIZATION_LEVEL = 0;
				GCC_PREPROCESSOR_DEFINITIONS = (
					"DEBUG=1",
					"$(inherited)",
				);
				GCC_SYMBOLS_PRIVATE_EXTERN = NO;
				GCC_WARN_64_TO_32_BIT_CONVERSION = YES;
				GCC_WARN_ABOUT_RETURN_TYPE = YES_ERROR;
				GCC_WARN_UNDECLARED_SELECTOR = YES;
				GCC_WARN_UNINITIALIZED_AUTOS = YES_AGGRESSIVE;
				GCC_WARN_UNUSED_FUNCTION = YES;
				GCC_WARN_UNUSED_VARIABLE = YES;
				IPHONEOS_DEPLOYMENT_TARGET = 8.0;
				MTL_ENABLE_DEBUG_INFO = YES;
				ONLY_ACTIVE_ARCH = YES;
				SDKROOT = iphoneos;
			};
			name = Debug;
		};
		E50B280519D0548000B2C3B2 /* Release */ = {
			isa = XCBuildConfiguration;
			buildSettings = {
				ALWAYS_SEARCH_USER_PATHS = NO;
				CLANG_CXX_LANGUAGE_STANDARD = "gnu++0x";
				CLANG_CXX_LIBRARY = "libc++";
				CLANG_ENABLE_MODULES = YES;
				CLANG_ENABLE_OBJC_ARC = YES;
				CLANG_WARN_BOOL_CONVERSION = YES;
				CLANG_WARN_CONSTANT_CONVERSION = YES;
				CLANG_WARN_DIRECT_OBJC_ISA_USAGE = YES_ERROR;
				CLANG_WARN_EMPTY_BODY = YES;
				CLANG_WARN_ENUM_CONVERSION = YES;
				CLANG_WARN_INT_CONVERSION = YES;
				CLANG_WARN_OBJC_ROOT_CLASS = YES_ERROR;
				CLANG_WARN_UNREACHABLE_CODE = YES;
				CLANG_WARN__DUPLICATE_METHOD_MATCH = YES;
				"CODE_SIGN_IDENTITY[sdk=iphoneos*]" = "iPhone Developer";
				COPY_PHASE_STRIP = YES;
				ENABLE_NS_ASSERTIONS = NO;
				ENABLE_STRICT_OBJC_MSGSEND = YES;
				GCC_C_LANGUAGE_STANDARD = gnu99;
				GCC_WARN_64_TO_32_BIT_CONVERSION = YES;
				GCC_WARN_ABOUT_RETURN_TYPE = YES_ERROR;
				GCC_WARN_UNDECLARED_SELECTOR = YES;
				GCC_WARN_UNINITIALIZED_AUTOS = YES_AGGRESSIVE;
				GCC_WARN_UNUSED_FUNCTION = YES;
				GCC_WARN_UNUSED_VARIABLE = YES;
				IPHONEOS_DEPLOYMENT_TARGET = 8.0;
				MTL_ENABLE_DEBUG_INFO = NO;
				SDKROOT = iphoneos;
				VALIDATE_PRODUCT = YES;
			};
			name = Release;
		};
		E50B280719D0548000B2C3B2 /* Debug */ = {
			isa = XCBuildConfiguration;
			buildSettings = {
				ASSETCATALOG_COMPILER_APPICON_NAME = AppIcon;
				INFOPLIST_FILE = UIAlertControllerDemo/Info.plist;
				LD_RUNPATH_SEARCH_PATHS = "$(inherited) @executable_path/Frameworks";
				PRODUCT_NAME = "$(TARGET_NAME)";
			};
			name = Debug;
		};
		E50B280819D0548000B2C3B2 /* Release */ = {
			isa = XCBuildConfiguration;
			buildSettings = {
				ASSETCATALOG_COMPILER_APPICON_NAME = AppIcon;
				INFOPLIST_FILE = UIAlertControllerDemo/Info.plist;
				LD_RUNPATH_SEARCH_PATHS = "$(inherited) @executable_path/Frameworks";
				PRODUCT_NAME = "$(TARGET_NAME)";
			};
			name = Release;
		};
		E50B280A19D0548000B2C3B2 /* Debug */ = {
			isa = XCBuildConfiguration;
			buildSettings = {
				BUNDLE_LOADER = "$(TEST_HOST)";
				FRAMEWORK_SEARCH_PATHS = (
					"$(SDKROOT)/Developer/Library/Frameworks",
					"$(inherited)",
				);
				GCC_PREPROCESSOR_DEFINITIONS = (
					"DEBUG=1",
					"$(inherited)",
				);
				INFOPLIST_FILE = UIAlertControllerDemoTests/Info.plist;
				LD_RUNPATH_SEARCH_PATHS = "$(inherited) @executable_path/Frameworks @loader_path/Frameworks";
				PRODUCT_NAME = "$(TARGET_NAME)";
				TEST_HOST = "$(BUILT_PRODUCTS_DIR)/UIAlertControllerDemo.app/UIAlertControllerDemo";
			};
			name = Debug;
		};
		E50B280B19D0548000B2C3B2 /* Release */ = {
			isa = XCBuildConfiguration;
			buildSettings = {
				BUNDLE_LOADER = "$(TEST_HOST)";
				FRAMEWORK_SEARCH_PATHS = (
					"$(SDKROOT)/Developer/Library/Frameworks",
					"$(inherited)",
				);
				INFOPLIST_FILE = UIAlertControllerDemoTests/Info.plist;
				LD_RUNPATH_SEARCH_PATHS = "$(inherited) @executable_path/Frameworks @loader_path/Frameworks";
				PRODUCT_NAME = "$(TARGET_NAME)";
				TEST_HOST = "$(BUILT_PRODUCTS_DIR)/UIAlertControllerDemo.app/UIAlertControllerDemo";
			};
			name = Release;
		};
/* End XCBuildConfiguration section */

/* Begin XCConfigurationList section */
		E50B27DE19D0547F00B2C3B2 /* Build configuration list for PBXProject "UIAlertControllerDemo" */ = {
			isa = XCConfigurationList;
			buildConfigurations = (
				E50B280419D0548000B2C3B2 /* Debug */,
				E50B280519D0548000B2C3B2 /* Release */,
			);
			defaultConfigurationIsVisible = 0;
			defaultConfigurationName = Release;
		};
		E50B280619D0548000B2C3B2 /* Build configuration list for PBXNativeTarget "UIAlertControllerDemo" */ = {
			isa = XCConfigurationList;
			buildConfigurations = (
				E50B280719D0548000B2C3B2 /* Debug */,
				E50B280819D0548000B2C3B2 /* Release */,
			);
			defaultConfigurationIsVisible = 0;
		};
		E50B280919D0548000B2C3B2 /* Build configuration list for PBXNativeTarget "UIAlertControllerDemoTests" */ = {
			isa = XCConfigurationList;
			buildConfigurations = (
				E50B280A19D0548000B2C3B2 /* Debug */,
				E50B280B19D0548000B2C3B2 /* Release */,
			);
			defaultConfigurationIsVisible = 0;
		};
/* End XCConfigurationList section */
	};
	rootObject = E50B27DB19D0547F00B2C3B2 /* Project object */;
}
